
Microsoft Visual Studio Solution File, Format Version 12.00
# Visual Studio Version 16
VisualStudioVersion = 16.0.29920.165
MinimumVisualStudioVersion = 10.0.40219.1
Project("{2150E333-8FDC-42A3-9474-1A3956D46DE8}") = "src", "src", "{B591F4C4-9FE0-400C-8D55-C6DBF44D5C6E}"
EndProject
Project("{2150E333-8FDC-42A3-9474-1A3956D46DE8}") = "Core", "Core", "{33D92EA1-9766-4E05-9375-2230DA860F13}"
EndProject
Project("{9A19103F-16F7-4668-BE54-9A1E7A4F7556}") = "Behlog.Core.Models", "src\core\Behlog.Core.Models\Behlog.Core.Models.csproj", "{8933CC34-C4AC-40B2-AB63-36E12CB35E27}"
EndProject
Project("{9A19103F-16F7-4668-BE54-9A1E7A4F7556}") = "Behlog.Core", "src\core\Behlog.Core\Behlog.Core.csproj", "{6889B674-1D62-46D9-97DC-06AFD64DD6DB}"
EndProject
Project("{9A19103F-16F7-4668-BE54-9A1E7A4F7556}") = "Behlog.Storage.Core", "src\core\Behlog.Storage.Core\Behlog.Storage.Core.csproj", "{4F95E3A5-F6C9-42C8-AB71-2FB6D8949799}"
EndProject
Project("{2150E333-8FDC-42A3-9474-1A3956D46DE8}") = "Web", "Web", "{2DBF0A84-6110-4C43-ACD1-77A11419A6C3}"
EndProject
Project("{9A19103F-16F7-4668-BE54-9A1E7A4F7556}") = "Behlog.Web", "src\web\Behlog.Web\Behlog.Web.csproj", "{DD126B72-B804-47F4-8206-389BB9ACECC0}"
EndProject
Project("{9A19103F-16F7-4668-BE54-9A1E7A4F7556}") = "Behlog.Storage.SqlServer", "src\core\Behlog.Storage.SqlServer\Behlog.Storage.SqlServer.csproj", "{A94F635E-4353-4AA8-991E-254D7A0E673A}"
EndProject
Project("{9A19103F-16F7-4668-BE54-9A1E7A4F7556}") = "Behlog.Web.ViewModels", "src\web\Behlog.Web.ViewModels\Behlog.Web.ViewModels.csproj", "{63E48BC2-89D1-49F1-B195-16B6E52BCC72}"
EndProject
Project("{9A19103F-16F7-4668-BE54-9A1E7A4F7556}") = "Behlog.Core.Utils", "src\core\Behlog.Core.Utils\Behlog.Core.Utils.csproj", "{5C97EEBD-A024-4D04-8AD9-CC02D2AA9F31}"
EndProject
Project("{9A19103F-16F7-4668-BE54-9A1E7A4F7556}") = "Behlog.Services", "src\Infrastructure\Behlog.Services\Behlog.Services.csproj", "{DE55DA8D-914D-4900-A7B1-2F45FB86C2E5}"
EndProject
Project("{2150E333-8FDC-42A3-9474-1A3956D46DE8}") = "Infrastructure", "Infrastructure", "{A97466FC-A111-4D09-878A-1378AE85CC97}"
EndProject
Project("{9A19103F-16F7-4668-BE54-9A1E7A4F7556}") = "Behlog.Extensions", "src\Infrastructure\Behlog.Extensions\Behlog.Extensions.csproj", "{AC8C453A-44DB-433C-87AF-182785A7D2E2}"
EndProject
Project("{9A19103F-16F7-4668-BE54-9A1E7A4F7556}") = "Behlog.Storage.InMemory", "src\Core\Behlog.Storage.InMemory\Behlog.Storage.InMemory.csproj", "{702EB1A1-C062-42E2-BBAD-E64FF992E875}"
EndProject
Project("{9A19103F-16F7-4668-BE54-9A1E7A4F7556}") = "Behlog.Storage.SQLite", "Src\Core\Behlog.Storage.SQLite\Behlog.Storage.SQLite.csproj", "{8B7709E5-574A-4BD1-9D57-AA30DFC22BBD}"
EndProject
Project("{9A19103F-16F7-4668-BE54-9A1E7A4F7556}") = "Behlog.Resources", "src\Core\Behlog.Resources\Behlog.Resources.csproj", "{F7C24956-018C-40FE-82C2-46977C77B9A2}"
EndProject
Project("{9A19103F-16F7-4668-BE54-9A1E7A4F7556}") = "Behlog.Services.Dto", "src\Infrastructure\Behlog.Services.Dto\Behlog.Services.Dto.csproj", "{A14521D3-748C-4901-B17A-A8DB8EC90CC0}"
EndProject
Project("{9A19103F-16F7-4668-BE54-9A1E7A4F7556}") = "Behlog.Repository", "src\Infrastructure\Behlog.Repository\Behlog.Repository.csproj", "{45DCFC95-FE21-45BB-BB7C-5C8DA89096FC}"
EndProject
Project("{9A19103F-16F7-4668-BE54-9A1E7A4F7556}") = "Behlog.Factories", "src\Infrastructure\Behlog.Factories\Behlog.Factories.csproj", "{85887E14-BDB0-4FBC-8AD4-56ADBA501FBE}"
EndProject
Project("{9A19103F-16F7-4668-BE54-9A1E7A4F7556}") = "Behlog.Web.Data", "src\web\Behlog.Web.Data\Behlog.Web.Data.csproj", "{8627EF96-AA22-46A5-9361-7AF2C5039DBE}"
EndProject
Project("{9A19103F-16F7-4668-BE54-9A1E7A4F7556}") = "Behlog.Validation", "src\Infrastructure\Behlog.Validation\Behlog.Validation.csproj", "{BAE83331-9AAB-4807-9B24-0B1192E981A5}"
EndProject
Project("{2150E333-8FDC-42A3-9474-1A3956D46DE8}") = "Projects", "Projects", "{4578C55D-9AAA-40ED-BEAC-C5235CD2E863}"
EndProject
Project("{9A19103F-16F7-4668-BE54-9A1E7A4F7556}") = "Behlog.Web.Admin", "src\web\Behlog.Web.Admin\Behlog.Web.Admin.csproj", "{D55B725F-3133-4AFF-BE28-E821874BA65E}"
EndProject
Project("{9A19103F-16F7-4668-BE54-9A1E7A4F7556}") = "Behlog.Web.Common", "src\web\Behlog.Web.Common\Behlog.Web.Common.csproj", "{F1F4E311-E1D7-489D-A5E8-C7BF1B6BAD51}"
EndProject
Project("{9A19103F-16F7-4668-BE54-9A1E7A4F7556}") = "Behlog.Web.Identity", "src\web\Behlog.Web.Identity\Behlog.Web.Identity.csproj", "{A852E593-5376-4CB0-A655-1C8B377F4A12}"
EndProject
Project("{2150E333-8FDC-42A3-9474-1A3956D46DE8}") = "TAPCO", "TAPCO", "{7EF1D637-C1AA-4389-BCF7-1F51D36FB22A}"
EndProject
Project("{9A19103F-16F7-4668-BE54-9A1E7A4F7556}") = "TapCo.Web", "src\projects\TAPCO\TapCo.Web\TapCo.Web.csproj", "{0D72DBDE-1C1F-49B8-AFD6-BC9E9BA75F87}"
EndProject
Project("{9A19103F-16F7-4668-BE54-9A1E7A4F7556}") = "Behlog.Web.Components", "src\web\Behlog.Web.Components\Behlog.Web.Components.csproj", "{0D427938-BBAE-4866-84F6-3999279643D9}"
EndProject
Project("{FAE04EC0-301F-11D3-BF4B-00C04F79EFBC}") = "Behlog.Web.Admin.ViewModels", "src\web\Behlog.Web.Admin.ViewModels\Behlog.Web.Admin.ViewModels.csproj", "{1D21C9F8-9332-478C-A375-E1613DA7E7C6}"
EndProject
Project("{FAE04EC0-301F-11D3-BF4B-00C04F79EFBC}") = "Behlog.Web.Core", "src\web\Behlog.Web.Core\Behlog.Web.Core.csproj", "{67CE4457-C977-4F48-AFC4-D0D35538B3D9}"
EndProject
Global
	GlobalSection(SolutionConfigurationPlatforms) = preSolution
		Debug|Any CPU = Debug|Any CPU
		Release|Any CPU = Release|Any CPU
	EndGlobalSection
	GlobalSection(ProjectConfigurationPlatforms) = postSolution
		{8933CC34-C4AC-40B2-AB63-36E12CB35E27}.Debug|Any CPU.ActiveCfg = Debug|Any CPU
		{8933CC34-C4AC-40B2-AB63-36E12CB35E27}.Debug|Any CPU.Build.0 = Debug|Any CPU
		{8933CC34-C4AC-40B2-AB63-36E12CB35E27}.Release|Any CPU.ActiveCfg = Release|Any CPU
		{8933CC34-C4AC-40B2-AB63-36E12CB35E27}.Release|Any CPU.Build.0 = Release|Any CPU
		{6889B674-1D62-46D9-97DC-06AFD64DD6DB}.Debug|Any CPU.ActiveCfg = Debug|Any CPU
		{6889B674-1D62-46D9-97DC-06AFD64DD6DB}.Debug|Any CPU.Build.0 = Debug|Any CPU
		{6889B674-1D62-46D9-97DC-06AFD64DD6DB}.Release|Any CPU.ActiveCfg = Release|Any CPU
		{6889B674-1D62-46D9-97DC-06AFD64DD6DB}.Release|Any CPU.Build.0 = Release|Any CPU
		{4F95E3A5-F6C9-42C8-AB71-2FB6D8949799}.Debug|Any CPU.ActiveCfg = Debug|Any CPU
		{4F95E3A5-F6C9-42C8-AB71-2FB6D8949799}.Debug|Any CPU.Build.0 = Debug|Any CPU
		{4F95E3A5-F6C9-42C8-AB71-2FB6D8949799}.Release|Any CPU.ActiveCfg = Release|Any CPU
		{4F95E3A5-F6C9-42C8-AB71-2FB6D8949799}.Release|Any CPU.Build.0 = Release|Any CPU
		{DD126B72-B804-47F4-8206-389BB9ACECC0}.Debug|Any CPU.ActiveCfg = Debug|Any CPU
		{DD126B72-B804-47F4-8206-389BB9ACECC0}.Debug|Any CPU.Build.0 = Debug|Any CPU
		{DD126B72-B804-47F4-8206-389BB9ACECC0}.Release|Any CPU.ActiveCfg = Release|Any CPU
		{DD126B72-B804-47F4-8206-389BB9ACECC0}.Release|Any CPU.Build.0 = Release|Any CPU
		{A94F635E-4353-4AA8-991E-254D7A0E673A}.Debug|Any CPU.ActiveCfg = Debug|Any CPU
		{A94F635E-4353-4AA8-991E-254D7A0E673A}.Debug|Any CPU.Build.0 = Debug|Any CPU
		{A94F635E-4353-4AA8-991E-254D7A0E673A}.Release|Any CPU.ActiveCfg = Release|Any CPU
		{A94F635E-4353-4AA8-991E-254D7A0E673A}.Release|Any CPU.Build.0 = Release|Any CPU
		{63E48BC2-89D1-49F1-B195-16B6E52BCC72}.Debug|Any CPU.ActiveCfg = Debug|Any CPU
		{63E48BC2-89D1-49F1-B195-16B6E52BCC72}.Debug|Any CPU.Build.0 = Debug|Any CPU
		{63E48BC2-89D1-49F1-B195-16B6E52BCC72}.Release|Any CPU.ActiveCfg = Release|Any CPU
		{63E48BC2-89D1-49F1-B195-16B6E52BCC72}.Release|Any CPU.Build.0 = Release|Any CPU
		{5C97EEBD-A024-4D04-8AD9-CC02D2AA9F31}.Debug|Any CPU.ActiveCfg = Debug|Any CPU
		{5C97EEBD-A024-4D04-8AD9-CC02D2AA9F31}.Debug|Any CPU.Build.0 = Debug|Any CPU
		{5C97EEBD-A024-4D04-8AD9-CC02D2AA9F31}.Release|Any CPU.ActiveCfg = Release|Any CPU
		{5C97EEBD-A024-4D04-8AD9-CC02D2AA9F31}.Release|Any CPU.Build.0 = Release|Any CPU
		{DE55DA8D-914D-4900-A7B1-2F45FB86C2E5}.Debug|Any CPU.ActiveCfg = Debug|Any CPU
		{DE55DA8D-914D-4900-A7B1-2F45FB86C2E5}.Debug|Any CPU.Build.0 = Debug|Any CPU
		{DE55DA8D-914D-4900-A7B1-2F45FB86C2E5}.Release|Any CPU.ActiveCfg = Release|Any CPU
		{DE55DA8D-914D-4900-A7B1-2F45FB86C2E5}.Release|Any CPU.Build.0 = Release|Any CPU
		{AC8C453A-44DB-433C-87AF-182785A7D2E2}.Debug|Any CPU.ActiveCfg = Debug|Any CPU
		{AC8C453A-44DB-433C-87AF-182785A7D2E2}.Debug|Any CPU.Build.0 = Debug|Any CPU
		{AC8C453A-44DB-433C-87AF-182785A7D2E2}.Release|Any CPU.ActiveCfg = Release|Any CPU
		{AC8C453A-44DB-433C-87AF-182785A7D2E2}.Release|Any CPU.Build.0 = Release|Any CPU
		{702EB1A1-C062-42E2-BBAD-E64FF992E875}.Debug|Any CPU.ActiveCfg = Debug|Any CPU
		{702EB1A1-C062-42E2-BBAD-E64FF992E875}.Debug|Any CPU.Build.0 = Debug|Any CPU
		{702EB1A1-C062-42E2-BBAD-E64FF992E875}.Release|Any CPU.ActiveCfg = Release|Any CPU
		{702EB1A1-C062-42E2-BBAD-E64FF992E875}.Release|Any CPU.Build.0 = Release|Any CPU
		{8B7709E5-574A-4BD1-9D57-AA30DFC22BBD}.Debug|Any CPU.ActiveCfg = Debug|Any CPU
		{8B7709E5-574A-4BD1-9D57-AA30DFC22BBD}.Debug|Any CPU.Build.0 = Debug|Any CPU
		{8B7709E5-574A-4BD1-9D57-AA30DFC22BBD}.Release|Any CPU.ActiveCfg = Release|Any CPU
		{8B7709E5-574A-4BD1-9D57-AA30DFC22BBD}.Release|Any CPU.Build.0 = Release|Any CPU
		{F7C24956-018C-40FE-82C2-46977C77B9A2}.Debug|Any CPU.ActiveCfg = Debug|Any CPU
		{F7C24956-018C-40FE-82C2-46977C77B9A2}.Debug|Any CPU.Build.0 = Debug|Any CPU
		{F7C24956-018C-40FE-82C2-46977C77B9A2}.Release|Any CPU.ActiveCfg = Release|Any CPU
		{F7C24956-018C-40FE-82C2-46977C77B9A2}.Release|Any CPU.Build.0 = Release|Any CPU
		{A14521D3-748C-4901-B17A-A8DB8EC90CC0}.Debug|Any CPU.ActiveCfg = Debug|Any CPU
		{A14521D3-748C-4901-B17A-A8DB8EC90CC0}.Debug|Any CPU.Build.0 = Debug|Any CPU
		{A14521D3-748C-4901-B17A-A8DB8EC90CC0}.Release|Any CPU.ActiveCfg = Release|Any CPU
		{A14521D3-748C-4901-B17A-A8DB8EC90CC0}.Release|Any CPU.Build.0 = Release|Any CPU
		{45DCFC95-FE21-45BB-BB7C-5C8DA89096FC}.Debug|Any CPU.ActiveCfg = Debug|Any CPU
		{45DCFC95-FE21-45BB-BB7C-5C8DA89096FC}.Debug|Any CPU.Build.0 = Debug|Any CPU
		{45DCFC95-FE21-45BB-BB7C-5C8DA89096FC}.Release|Any CPU.ActiveCfg = Release|Any CPU
		{45DCFC95-FE21-45BB-BB7C-5C8DA89096FC}.Release|Any CPU.Build.0 = Release|Any CPU
		{85887E14-BDB0-4FBC-8AD4-56ADBA501FBE}.Debug|Any CPU.ActiveCfg = Debug|Any CPU
		{85887E14-BDB0-4FBC-8AD4-56ADBA501FBE}.Debug|Any CPU.Build.0 = Debug|Any CPU
		{85887E14-BDB0-4FBC-8AD4-56ADBA501FBE}.Release|Any CPU.ActiveCfg = Release|Any CPU
		{85887E14-BDB0-4FBC-8AD4-56ADBA501FBE}.Release|Any CPU.Build.0 = Release|Any CPU
		{8627EF96-AA22-46A5-9361-7AF2C5039DBE}.Debug|Any CPU.ActiveCfg = Debug|Any CPU
		{8627EF96-AA22-46A5-9361-7AF2C5039DBE}.Debug|Any CPU.Build.0 = Debug|Any CPU
		{8627EF96-AA22-46A5-9361-7AF2C5039DBE}.Release|Any CPU.ActiveCfg = Release|Any CPU
		{8627EF96-AA22-46A5-9361-7AF2C5039DBE}.Release|Any CPU.Build.0 = Release|Any CPU
		{BAE83331-9AAB-4807-9B24-0B1192E981A5}.Debug|Any CPU.ActiveCfg = Debug|Any CPU
		{BAE83331-9AAB-4807-9B24-0B1192E981A5}.Debug|Any CPU.Build.0 = Debug|Any CPU
		{BAE83331-9AAB-4807-9B24-0B1192E981A5}.Release|Any CPU.ActiveCfg = Release|Any CPU
		{BAE83331-9AAB-4807-9B24-0B1192E981A5}.Release|Any CPU.Build.0 = Release|Any CPU
		{D55B725F-3133-4AFF-BE28-E821874BA65E}.Debug|Any CPU.ActiveCfg = Debug|Any CPU
		{D55B725F-3133-4AFF-BE28-E821874BA65E}.Debug|Any CPU.Build.0 = Debug|Any CPU
		{D55B725F-3133-4AFF-BE28-E821874BA65E}.Release|Any CPU.ActiveCfg = Release|Any CPU
		{D55B725F-3133-4AFF-BE28-E821874BA65E}.Release|Any CPU.Build.0 = Release|Any CPU
		{F1F4E311-E1D7-489D-A5E8-C7BF1B6BAD51}.Debug|Any CPU.ActiveCfg = Debug|Any CPU
		{F1F4E311-E1D7-489D-A5E8-C7BF1B6BAD51}.Debug|Any CPU.Build.0 = Debug|Any CPU
		{F1F4E311-E1D7-489D-A5E8-C7BF1B6BAD51}.Release|Any CPU.ActiveCfg = Release|Any CPU
		{F1F4E311-E1D7-489D-A5E8-C7BF1B6BAD51}.Release|Any CPU.Build.0 = Release|Any CPU
		{A852E593-5376-4CB0-A655-1C8B377F4A12}.Debug|Any CPU.ActiveCfg = Debug|Any CPU
		{A852E593-5376-4CB0-A655-1C8B377F4A12}.Debug|Any CPU.Build.0 = Debug|Any CPU
		{A852E593-5376-4CB0-A655-1C8B377F4A12}.Release|Any CPU.ActiveCfg = Release|Any CPU
		{A852E593-5376-4CB0-A655-1C8B377F4A12}.Release|Any CPU.Build.0 = Release|Any CPU
		{0D72DBDE-1C1F-49B8-AFD6-BC9E9BA75F87}.Debug|Any CPU.ActiveCfg = Debug|Any CPU
		{0D72DBDE-1C1F-49B8-AFD6-BC9E9BA75F87}.Debug|Any CPU.Build.0 = Debug|Any CPU
		{0D72DBDE-1C1F-49B8-AFD6-BC9E9BA75F87}.Release|Any CPU.ActiveCfg = Release|Any CPU
		{0D72DBDE-1C1F-49B8-AFD6-BC9E9BA75F87}.Release|Any CPU.Build.0 = Release|Any CPU
		{0D427938-BBAE-4866-84F6-3999279643D9}.Debug|Any CPU.ActiveCfg = Debug|Any CPU
		{0D427938-BBAE-4866-84F6-3999279643D9}.Debug|Any CPU.Build.0 = Debug|Any CPU
		{0D427938-BBAE-4866-84F6-3999279643D9}.Release|Any CPU.ActiveCfg = Release|Any CPU
		{0D427938-BBAE-4866-84F6-3999279643D9}.Release|Any CPU.Build.0 = Release|Any CPU
		{1D21C9F8-9332-478C-A375-E1613DA7E7C6}.Debug|Any CPU.ActiveCfg = Debug|Any CPU
		{1D21C9F8-9332-478C-A375-E1613DA7E7C6}.Debug|Any CPU.Build.0 = Debug|Any CPU
		{1D21C9F8-9332-478C-A375-E1613DA7E7C6}.Release|Any CPU.ActiveCfg = Release|Any CPU
		{1D21C9F8-9332-478C-A375-E1613DA7E7C6}.Release|Any CPU.Build.0 = Release|Any CPU
		{67CE4457-C977-4F48-AFC4-D0D35538B3D9}.Debug|Any CPU.ActiveCfg = Debug|Any CPU
		{67CE4457-C977-4F48-AFC4-D0D35538B3D9}.Debug|Any CPU.Build.0 = Debug|Any CPU
		{67CE4457-C977-4F48-AFC4-D0D35538B3D9}.Release|Any CPU.ActiveCfg = Release|Any CPU
		{67CE4457-C977-4F48-AFC4-D0D35538B3D9}.Release|Any CPU.Build.0 = Release|Any CPU
	EndGlobalSection
	GlobalSection(SolutionProperties) = preSolution
		HideSolutionNode = FALSE
	EndGlobalSection
	GlobalSection(NestedProjects) = preSolution
		{33D92EA1-9766-4E05-9375-2230DA860F13} = {B591F4C4-9FE0-400C-8D55-C6DBF44D5C6E}
		{8933CC34-C4AC-40B2-AB63-36E12CB35E27} = {33D92EA1-9766-4E05-9375-2230DA860F13}
		{6889B674-1D62-46D9-97DC-06AFD64DD6DB} = {33D92EA1-9766-4E05-9375-2230DA860F13}
		{4F95E3A5-F6C9-42C8-AB71-2FB6D8949799} = {33D92EA1-9766-4E05-9375-2230DA860F13}
		{2DBF0A84-6110-4C43-ACD1-77A11419A6C3} = {B591F4C4-9FE0-400C-8D55-C6DBF44D5C6E}
		{DD126B72-B804-47F4-8206-389BB9ACECC0} = {2DBF0A84-6110-4C43-ACD1-77A11419A6C3}
		{A94F635E-4353-4AA8-991E-254D7A0E673A} = {33D92EA1-9766-4E05-9375-2230DA860F13}
		{63E48BC2-89D1-49F1-B195-16B6E52BCC72} = {2DBF0A84-6110-4C43-ACD1-77A11419A6C3}
		{5C97EEBD-A024-4D04-8AD9-CC02D2AA9F31} = {33D92EA1-9766-4E05-9375-2230DA860F13}
		{DE55DA8D-914D-4900-A7B1-2F45FB86C2E5} = {A97466FC-A111-4D09-878A-1378AE85CC97}
		{A97466FC-A111-4D09-878A-1378AE85CC97} = {B591F4C4-9FE0-400C-8D55-C6DBF44D5C6E}
		{AC8C453A-44DB-433C-87AF-182785A7D2E2} = {A97466FC-A111-4D09-878A-1378AE85CC97}
		{702EB1A1-C062-42E2-BBAD-E64FF992E875} = {33D92EA1-9766-4E05-9375-2230DA860F13}
		{8B7709E5-574A-4BD1-9D57-AA30DFC22BBD} = {33D92EA1-9766-4E05-9375-2230DA860F13}
		{F7C24956-018C-40FE-82C2-46977C77B9A2} = {33D92EA1-9766-4E05-9375-2230DA860F13}
		{A14521D3-748C-4901-B17A-A8DB8EC90CC0} = {A97466FC-A111-4D09-878A-1378AE85CC97}
		{45DCFC95-FE21-45BB-BB7C-5C8DA89096FC} = {A97466FC-A111-4D09-878A-1378AE85CC97}
		{85887E14-BDB0-4FBC-8AD4-56ADBA501FBE} = {A97466FC-A111-4D09-878A-1378AE85CC97}
		{8627EF96-AA22-46A5-9361-7AF2C5039DBE} = {2DBF0A84-6110-4C43-ACD1-77A11419A6C3}
		{BAE83331-9AAB-4807-9B24-0B1192E981A5} = {A97466FC-A111-4D09-878A-1378AE85CC97}
		{4578C55D-9AAA-40ED-BEAC-C5235CD2E863} = {B591F4C4-9FE0-400C-8D55-C6DBF44D5C6E}
		{D55B725F-3133-4AFF-BE28-E821874BA65E} = {2DBF0A84-6110-4C43-ACD1-77A11419A6C3}
		{F1F4E311-E1D7-489D-A5E8-C7BF1B6BAD51} = {2DBF0A84-6110-4C43-ACD1-77A11419A6C3}
		{A852E593-5376-4CB0-A655-1C8B377F4A12} = {2DBF0A84-6110-4C43-ACD1-77A11419A6C3}
		{7EF1D637-C1AA-4389-BCF7-1F51D36FB22A} = {4578C55D-9AAA-40ED-BEAC-C5235CD2E863}
		{0D72DBDE-1C1F-49B8-AFD6-BC9E9BA75F87} = {7EF1D637-C1AA-4389-BCF7-1F51D36FB22A}
		{0D427938-BBAE-4866-84F6-3999279643D9} = {2DBF0A84-6110-4C43-ACD1-77A11419A6C3}
		{1D21C9F8-9332-478C-A375-E1613DA7E7C6} = {2DBF0A84-6110-4C43-ACD1-77A11419A6C3}
		{67CE4457-C977-4F48-AFC4-D0D35538B3D9} = {2DBF0A84-6110-4C43-ACD1-77A11419A6C3}
	EndGlobalSection
	GlobalSection(ExtensibilityGlobals) = postSolution
		SolutionGuid = {8492108F-61A7-4788-8ADA-0398E12219FA}
	EndGlobalSection
EndGlobal
